
Microsoft Visual Studio Solution File, Format Version 12.00
# Visual Studio Version 17
VisualStudioVersion = 17.14.36401.2 d17.14
MinimumVisualStudioVersion = 10.0.40219.1
Project("{FAE04EC0-301F-11D3-BF4B-00C04F79EFBC}") = "SmartCacheApp", "SmartCacheApp\SmartCacheApp.csproj", "{13975E8E-26E7-AA85-8644-16FC3FC8321C}"
EndProject
Project("{FAE04EC0-301F-11D3-BF4B-00C04F79EFBC}") = "SmartCacheLibrary", "SmartCacheLibrary\SmartCacheLibrary.csproj", "{C287099C-1B7A-4E11-790F-A84FCB01E26F}"
EndProject
Project("{FAE04EC0-301F-11D3-BF4B-00C04F79EFBC}") = "SmartCacheTests", "SmartCacheTests\SmartCacheTests.csproj", "{B86D0DF8-88B5-8FB5-F222-9DC26272ED4A}"
EndProject
Global
	GlobalSection(SolutionConfigurationPlatforms) = preSolution
		Debug|Any CPU = Debug|Any CPU
		Release|Any CPU = Release|Any CPU
	EndGlobalSection
	GlobalSection(ProjectConfigurationPlatforms) = postSolution
		{13975E8E-26E7-AA85-8644-16FC3FC8321C}.Debug|Any CPU.ActiveCfg = Debug|Any CPU
		{13975E8E-26E7-AA85-8644-16FC3FC8321C}.Debug|Any CPU.Build.0 = Debug|Any CPU
		{13975E8E-26E7-AA85-8644-16FC3FC8321C}.Release|Any CPU.ActiveCfg = Release|Any CPU
		{13975E8E-26E7-AA85-8644-16FC3FC8321C}.Release|Any CPU.Build.0 = Release|Any CPU
		{C287099C-1B7A-4E11-790F-A84FCB01E26F}.Debug|Any CPU.ActiveCfg = Debug|Any CPU
		{C287099C-1B7A-4E11-790F-A84FCB01E26F}.Debug|Any CPU.Build.0 = Debug|Any CPU
		{C287099C-1B7A-4E11-790F-A84FCB01E26F}.Release|Any CPU.ActiveCfg = Release|Any CPU
		{C287099C-1B7A-4E11-790F-A84FCB01E26F}.Release|Any CPU.Build.0 = Release|Any CPU
		{B86D0DF8-88B5-8FB5-F222-9DC26272ED4A}.Debug|Any CPU.ActiveCfg = Debug|Any CPU
		{B86D0DF8-88B5-8FB5-F222-9DC26272ED4A}.Debug|Any CPU.Build.0 = Debug|Any CPU
		{B86D0DF8-88B5-8FB5-F222-9DC26272ED4A}.Release|Any CPU.ActiveCfg = Release|Any CPU
		{B86D0DF8-88B5-8FB5-F222-9DC26272ED4A}.Release|Any CPU.Build.0 = Release|Any CPU
	EndGlobalSection
	GlobalSection(SolutionProperties) = preSolution
		HideSolutionNode = FALSE
	EndGlobalSection
	GlobalSection(ExtensibilityGlobals) = postSolution
		SolutionGuid = {92745514-2CA1-41F2-9786-BD611916CCD6}
	EndGlobalSection
EndGlobal
